
Microsoft Visual Studio Solution File, Format Version 12.00
# Visual Studio 15
VisualStudioVersion = 15.0.28307.1209
MinimumVisualStudioVersion = 10.0.40219.1
Project("{8BC9CEB8-8B4A-11D0-8D11-00A0C91BC942}") = "ch5 lab2", "ch5 lab2\ch5 lab2.vcxproj", "{0D63293D-40E2-40B8-8D08-6A55D0D7E784}"
EndProject
Global
	GlobalSection(SolutionConfigurationPlatforms) = preSolution
		Debug|x64 = Debug|x64
		Debug|x86 = Debug|x86
		Release|x64 = Release|x64
		Release|x86 = Release|x86
	EndGlobalSection
	GlobalSection(ProjectConfigurationPlatforms) = postSolution
		{0D63293D-40E2-40B8-8D08-6A55D0D7E784}.Debug|x64.ActiveCfg = Debug|x64
		{0D63293D-40E2-40B8-8D08-6A55D0D7E784}.Debug|x64.Build.0 = Debug|x64
		{0D63293D-40E2-40B8-8D08-6A55D0D7E784}.Debug|x86.ActiveCfg = Debug|Win32
		{0D63293D-40E2-40B8-8D08-6A55D0D7E784}.Debug|x86.Build.0 = Debug|Win32
		{0D63293D-40E2-40B8-8D08-6A55D0D7E784}.Release|x64.ActiveCfg = Release|x64
		{0D63293D-40E2-40B8-8D08-6A55D0D7E784}.Release|x64.Build.0 = Release|x64
		{0D63293D-40E2-40B8-8D08-6A55D0D7E784}.Release|x86.ActiveCfg = Release|Win32
		{0D63293D-40E2-40B8-8D08-6A55D0D7E784}.Release|x86.Build.0 = Release|Win32
	EndGlobalSection
	GlobalSection(SolutionProperties) = preSolution
		HideSolutionNode = FALSE
	EndGlobalSection
	GlobalSection(ExtensibilityGlobals) = postSolution
		SolutionGuid = {90FEA85C-F188-4519-A469-CB2519B1DFE5}
	EndGlobalSection
EndGlobal
